
Microsoft Visual Studio Solution File, Format Version 12.00
# Visual Studio Version 17
VisualStudioVersion = 17.14.36327.8 d17.14
MinimumVisualStudioVersion = 10.0.40219.1
Project("{FAE04EC0-301F-11D3-BF4B-00C04F79EFBC}") = "LexiPath", "LexiPath.csproj", "{499F8D08-7817-43C7-86EE-3DC19C7763BD}"
EndProject
Project("{FAE04EC0-301F-11D3-BF4B-00C04F79EFBC}") = "LexiPath.Data", "..\LexiPath.Data\LexiPath.Data.csproj", "{A4E3753C-C974-4133-9A54-03A5733ED497}"
EndProject
Global
	GlobalSection(SolutionConfigurationPlatforms) = preSolution
		Debug|Any CPU = Debug|Any CPU
		Release|Any CPU = Release|Any CPU
	EndGlobalSection
	GlobalSection(ProjectConfigurationPlatforms) = postSolution
		{499F8D08-7817-43C7-86EE-3DC19C7763BD}.Debug|Any CPU.ActiveCfg = Debug|Any CPU
		{499F8D08-7817-43C7-86EE-3DC19C7763BD}.Debug|Any CPU.Build.0 = Debug|Any CPU
		{499F8D08-7817-43C7-86EE-3DC19C7763BD}.Release|Any CPU.ActiveCfg = Release|Any CPU
		{499F8D08-7817-43C7-86EE-3DC19C7763BD}.Release|Any CPU.Build.0 = Release|Any CPU
		{A4E3753C-C974-4133-9A54-03A5733ED497}.Debug|Any CPU.ActiveCfg = Debug|Any CPU
		{A4E3753C-C974-4133-9A54-03A5733ED497}.Debug|Any CPU.Build.0 = Debug|Any CPU
		{A4E3753C-C974-4133-9A54-03A5733ED497}.Release|Any CPU.ActiveCfg = Release|Any CPU
		{A4E3753C-C974-4133-9A54-03A5733ED497}.Release|Any CPU.Build.0 = Release|Any CPU
	EndGlobalSection
	GlobalSection(SolutionProperties) = preSolution
		HideSolutionNode = FALSE
	EndGlobalSection
	GlobalSection(ExtensibilityGlobals) = postSolution
		SolutionGuid = {D680C8AF-DD08-450A-9587-C641F903338C}
	EndGlobalSection
EndGlobal
